{
  "nodes": {
    "nixCats": {
      "locked": {
        "lastModified": 1748230488,
        "narHash": "sha256-CktYY2rcFPJ3Tbz5H/nDnkhaO18nrLGdWa1mH7V9X5Q=",
        "owner": "BirdeeHub",
        "repo": "nixCats-nvim",
        "rev": "2a2f15a6c085524ac121f5da9a73ee2155c53d70",
        "type": "github"
      },
      "original": {
        "owner": "BirdeeHub",
        "repo": "nixCats-nvim",
        "type": "github"
      }
    },
    "nixpkgs": {
      "locked": {
        "lastModified": 1748186667,
        "narHash": "sha256-UQubDNIQ/Z42R8tPCIpY+BOhlxO8t8ZojwC9o2FW3c8=",
        "owner": "nixos",
        "repo": "nixpkgs",
        "rev": "bdac72d387dca7f836f6ef1fe547755fb0e9df61",
        "type": "github"
      },
      "original": {
        "owner": "nixos",
        "ref": "nixpkgs-unstable",
        "repo": "nixpkgs",
        "type": "github"
      }
    },
    "root": {
      "inputs": {
        "nixCats": "nixCats",
        "nixpkgs": "nixpkgs"
      }
    }
  },
  "root": "root",
  "version": 7
}
